
Microsoft Visual Studio Solution File, Format Version 12.00
# Visual Studio Version 17
VisualStudioVersion = 17.8.34322.80
MinimumVisualStudioVersion = 10.0.40219.1
Project("{FAE04EC0-301F-11D3-BF4B-00C04F79EFBC}") = "KalkulatorXamarin.Android", "KalkulatorXamarin\KalkulatorXamarin.Android\KalkulatorXamarin.Android.csproj", "{EF48EEA8-B4F0-4FE1-B2B2-30AE7B5CDD97}"
EndProject
Project("{FAE04EC0-301F-11D3-BF4B-00C04F79EFBC}") = "KalkulatorXamarin", "KalkulatorXamarin\KalkulatorXamarin\KalkulatorXamarin.csproj", "{877861DC-CC5E-499F-BFD1-E65D41C9D59C}"
EndProject
Global
	GlobalSection(SolutionConfigurationPlatforms) = preSolution
		Debug|Any CPU = Debug|Any CPU
		Release|Any CPU = Release|Any CPU
	EndGlobalSection
	GlobalSection(ProjectConfigurationPlatforms) = postSolution
		{EF48EEA8-B4F0-4FE1-B2B2-30AE7B5CDD97}.Debug|Any CPU.ActiveCfg = Debug|Any CPU
		{EF48EEA8-B4F0-4FE1-B2B2-30AE7B5CDD97}.Debug|Any CPU.Build.0 = Debug|Any CPU
		{EF48EEA8-B4F0-4FE1-B2B2-30AE7B5CDD97}.Debug|Any CPU.Deploy.0 = Debug|Any CPU
		{EF48EEA8-B4F0-4FE1-B2B2-30AE7B5CDD97}.Release|Any CPU.ActiveCfg = Release|Any CPU
		{EF48EEA8-B4F0-4FE1-B2B2-30AE7B5CDD97}.Release|Any CPU.Build.0 = Release|Any CPU
		{EF48EEA8-B4F0-4FE1-B2B2-30AE7B5CDD97}.Release|Any CPU.Deploy.0 = Release|Any CPU
		{877861DC-CC5E-499F-BFD1-E65D41C9D59C}.Debug|Any CPU.ActiveCfg = Debug|Any CPU
		{877861DC-CC5E-499F-BFD1-E65D41C9D59C}.Debug|Any CPU.Build.0 = Debug|Any CPU
		{877861DC-CC5E-499F-BFD1-E65D41C9D59C}.Debug|Any CPU.Deploy.0 = Debug|Any CPU
		{877861DC-CC5E-499F-BFD1-E65D41C9D59C}.Release|Any CPU.ActiveCfg = Release|Any CPU
		{877861DC-CC5E-499F-BFD1-E65D41C9D59C}.Release|Any CPU.Build.0 = Release|Any CPU
		{877861DC-CC5E-499F-BFD1-E65D41C9D59C}.Release|Any CPU.Deploy.0 = Release|Any CPU
	EndGlobalSection
	GlobalSection(SolutionProperties) = preSolution
		HideSolutionNode = FALSE
	EndGlobalSection
	GlobalSection(ExtensibilityGlobals) = postSolution
		SolutionGuid = {0E2B020A-0556-45B2-A94E-66E4C606E76A}
	EndGlobalSection
EndGlobal
